// !$*UTF8*$!
{
	archiveVersion = 1;
	classes = {
	};
	objectVersion = 48;
	objects = {

/* Begin PBXBuildFile section */
		D80E01FD201B06AD008A1622 /* AppDelegate.swift in Sources */ = {isa = PBXBuildFile; fileRef = D80E01FC201B06AD008A1622 /* AppDelegate.swift */; };
		D80E01FF201B06AD008A1622 /* ViewController.swift in Sources */ = {isa = PBXBuildFile; fileRef = D80E01FE201B06AD008A1622 /* ViewController.swift */; };
		D80E0202201B06AD008A1622 /* Main.storyboard in Resources */ = {isa = PBXBuildFile; fileRef = D80E0200201B06AD008A1622 /* Main.storyboard */; };
		D80E0204201B06AD008A1622 /* Assets.xcassets in Resources */ = {isa = PBXBuildFile; fileRef = D80E0203201B06AD008A1622 /* Assets.xcassets */; };
		D80E0207201B06AD008A1622 /* LaunchScreen.storyboard in Resources */ = {isa = PBXBuildFile; fileRef = D80E0205201B06AD008A1622 /* LaunchScreen.storyboard */; };
		D880BC9C201DCC8600D0DDE9 /* SelectionDialog.swift in Sources */ = {isa = PBXBuildFile; fileRef = D880BC9A201DCC8600D0DDE9 /* SelectionDialog.swift */; };
		D880BC9D201DCC8600D0DDE9 /* SelectionDialog.xib in Resources */ = {isa = PBXBuildFile; fileRef = D880BC9B201DCC8600D0DDE9 /* SelectionDialog.xib */; };
		D880BC9F2020671E00D0DDE9 /* Countries.json in Resources */ = {isa = PBXBuildFile; fileRef = D880BC9E2020671E00D0DDE9 /* Countries.json */; };
		D89D8B3A201B354200CA125E /* data.json in Resources */ = {isa = PBXBuildFile; fileRef = D89D8B39201B354200CA125E /* data.json */; };
/* End PBXBuildFile section */

/* Begin PBXFileReference section */
		D80E01F9201B06AD008A1622 /* ListView.app */ = {isa = PBXFileReference; explicitFileType = wrapper.application; includeInIndex = 0; path = ListView.app; sourceTree = BUILT_PRODUCTS_DIR; };
		D80E01FC201B06AD008A1622 /* AppDelegate.swift */ = {isa = PBXFileReference; lastKnownFileType = sourcecode.swift; path = AppDelegate.swift; sourceTree = "<group>"; };
		D80E01FE201B06AD008A1622 /* ViewController.swift */ = {isa = PBXFileReference; lastKnownFileType = sourcecode.swift; path = ViewController.swift; sourceTree = "<group>"; };
		D80E0201201B06AD008A1622 /* Base */ = {isa = PBXFileReference; lastKnownFileType = file.storyboard; name = Base; path = Base.lproj/Main.storyboard; sourceTree = "<group>"; };
		D80E0203201B06AD008A1622 /* Assets.xcassets */ = {isa = PBXFileReference; lastKnownFileType = folder.assetcatalog; path = Assets.xcassets; sourceTree = "<group>"; };
		D80E0206201B06AD008A1622 /* Base */ = {isa = PBXFileReference; lastKnownFileType = file.storyboard; name = Base; path = Base.lproj/LaunchScreen.storyboard; sourceTree = "<group>"; };
		D80E0208201B06AD008A1622 /* Info.plist */ = {isa = PBXFileReference; lastKnownFileType = text.plist.xml; path = Info.plist; sourceTree = "<group>"; };
		D880BC9A201DCC8600D0DDE9 /* SelectionDialog.swift */ = {isa = PBXFileReference; fileEncoding = 4; lastKnownFileType = sourcecode.swift; path = SelectionDialog.swift; sourceTree = "<group>"; };
		D880BC9B201DCC8600D0DDE9 /* SelectionDialog.xib */ = {isa = PBXFileReference; fileEncoding = 4; lastKnownFileType = file.xib; path = SelectionDialog.xib; sourceTree = "<group>"; };
		D880BC9E2020671E00D0DDE9 /* Countries.json */ = {isa = PBXFileReference; lastKnownFileType = text.json; path = Countries.json; sourceTree = "<group>"; };
		D89D8B39201B354200CA125E /* data.json */ = {isa = PBXFileReference; fileEncoding = 4; lastKnownFileType = text.json; path = data.json; sourceTree = "<group>"; };
/* End PBXFileReference section */

/* Begin PBXFrameworksBuildPhase section */
		D80E01F6201B06AD008A1622 /* Frameworks */ = {
			isa = PBXFrameworksBuildPhase;
			buildActionMask = 2147483647;
			files = (
			);
			runOnlyForDeploymentPostprocessing = 0;
		};
/* End PBXFrameworksBuildPhase section */

/* Begin PBXGroup section */
		D80E01F0201B06AD008A1622 = {
			isa = PBXGroup;
			children = (
				D80E01FB201B06AD008A1622 /* ListView */,
				D80E01FA201B06AD008A1622 /* Products */,
			);
			sourceTree = "<group>";
		};
		D80E01FA201B06AD008A1622 /* Products */ = {
			isa = PBXGroup;
			children = (
				D80E01F9201B06AD008A1622 /* ListView.app */,
			);
			name = Products;
			sourceTree = "<group>";
		};
		D80E01FB201B06AD008A1622 /* ListView */ = {
			isa = PBXGroup;
			children = (
				D880BC99201DCC8600D0DDE9 /* Selection Dialog */,
				D89D8B39201B354200CA125E /* data.json */,
				D880BC9E2020671E00D0DDE9 /* Countries.json */,
				D80E01FC201B06AD008A1622 /* AppDelegate.swift */,
				D80E01FE201B06AD008A1622 /* ViewController.swift */,
				D80E0200201B06AD008A1622 /* Main.storyboard */,
				D80E0203201B06AD008A1622 /* Assets.xcassets */,
				D80E0205201B06AD008A1622 /* LaunchScreen.storyboard */,
				D80E0208201B06AD008A1622 /* Info.plist */,
			);
			path = ListView;
			sourceTree = "<group>";
		};
		D880BC99201DCC8600D0DDE9 /* Selection Dialog */ = {
			isa = PBXGroup;
			children = (
				D880BC9A201DCC8600D0DDE9 /* SelectionDialog.swift */,
				D880BC9B201DCC8600D0DDE9 /* SelectionDialog.xib */,
			);
			path = "Selection Dialog";
			sourceTree = "<group>";
		};
/* End PBXGroup section */

/* Begin PBXNativeTarget section */
		D80E01F8201B06AD008A1622 /* ListView */ = {
			isa = PBXNativeTarget;
			buildConfigurationList = D80E020B201B06AD008A1622 /* Build configuration list for PBXNativeTarget "ListView" */;
			buildPhases = (
				D80E01F5201B06AD008A1622 /* Sources */,
				D80E01F6201B06AD008A1622 /* Frameworks */,
				D80E01F7201B06AD008A1622 /* Resources */,
			);
			buildRules = (
			);
			dependencies = (
			);
			name = ListView;
			productName = ListView;
			productReference = D80E01F9201B06AD008A1622 /* ListView.app */;
			productType = "com.apple.product-type.application";
		};
/* End PBXNativeTarget section */

/* Begin PBXProject section */
		D80E01F1201B06AD008A1622 /* Project object */ = {
			isa = PBXProject;
			attributes = {
				LastSwiftUpdateCheck = 0900;
				LastUpgradeCheck = 0900;
				ORGANIZATIONNAME = "Farhan Arshad";
				TargetAttributes = {
					D80E01F8201B06AD008A1622 = {
						CreatedOnToolsVersion = 9.0;
						ProvisioningStyle = Automatic;
					};
				};
			};
			buildConfigurationList = D80E01F4201B06AD008A1622 /* Build configuration list for PBXProject "ListView" */;
			compatibilityVersion = "Xcode 8.0";
			developmentRegion = en;
			hasScannedForEncodings = 0;
			knownRegions = (
				en,
				Base,
			);
			mainGroup = D80E01F0201B06AD008A1622;
			productRefGroup = D80E01FA201B06AD008A1622 /* Products */;
			projectDirPath = "";
			projectRoot = "";
			targets = (
				D80E01F8201B06AD008A1622 /* ListView */,
			);
		};
/* End PBXProject section */

/* Begin PBXResourcesBuildPhase section */
		D80E01F7201B06AD008A1622 /* Resources */ = {
			isa = PBXResourcesBuildPhase;
			buildActionMask = 2147483647;
			files = (
				D80E0207201B06AD008A1622 /* LaunchScreen.storyboard in Resources */,
				D880BC9F2020671E00D0DDE9 /* Countries.json in Resources */,
				D80E0204201B06AD008A1622 /* Assets.xcassets in Resources */,
				D80E0202201B06AD008A1622 /* Main.storyboard in Resources */,
				D880BC9D201DCC8600D0DDE9 /* SelectionDialog.xib in Resources */,
				D89D8B3A201B354200CA125E /* data.json in Resources */,
			);
			runOnlyForDeploymentPostprocessing = 0;
		};
/* End PBXResourcesBuildPhase section */

/* Begin PBXSourcesBuildPhase section */
		D80E01F5201B06AD008A1622 /* Sources */ = {
			isa = PBXSourcesBuildPhase;
			buildActionMask = 2147483647;
			files = (
				D80E01FF201B06AD008A1622 /* ViewController.swift in Sources */,
				D80E01FD201B06AD008A1622 /* AppDelegate.swift in Sources */,
				D880BC9C201DCC8600D0DDE9 /* SelectionDialog.swift in Sources */,
			);
			runOnlyForDeploymentPostprocessing = 0;
		};
/* End PBXSourcesBuildPhase section */

/* Begin PBXVariantGroup section */
		D80E0200201B06AD008A1622 /* Main.storyboard */ = {
			isa = PBXVariantGroup;
			children = (
				D80E0201201B06AD008A1622 /* Base */,
			);
			name = Main.storyboard;
			sourceTree = "<group>";
		};
		D80E0205201B06AD008A1622 /* LaunchScreen.storyboard */ = {
			isa = PBXVariantGroup;
			children = (
				D80E0206201B06AD008A1622 /* Base */,
			);
			name = LaunchScreen.storyboard;
			sourceTree = "<group>";
		};
/* End PBXVariantGroup section */

/* Begin XCBuildConfiguration section */
		D80E0209201B06AD008A1622 /* Debug */ = {
			isa = XCBuildConfiguration;
			buildSettings = {
				ALWAYS_SEARCH_USER_PATHS = NO;
				CLANG_ANALYZER_NONNULL = YES;
				CLANG_ANALYZER_NUMBER_OBJECT_CONVERSION = YES_AGGRESSIVE;
				CLANG_CXX_LANGUAGE_STANDARD = "gnu++14";
				CLANG_CXX_LIBRARY = "libc++";
				CLANG_ENABLE_MODULES = YES;
				CLANG_ENABLE_OBJC_ARC = YES;
				CLANG_WARN_BLOCK_CAPTURE_AUTORELEASING = YES;
				CLANG_WARN_BOOL_CONVERSION = YES;
				CLANG_WARN_COMMA = YES;
				CLANG_WARN_CONSTANT_CONVERSION = YES;
				CLANG_WARN_DIRECT_OBJC_ISA_USAGE = YES_ERROR;
				CLANG_WARN_DOCUMENTATION_COMMENTS = YES;
				CLANG_WARN_EMPTY_BODY = YES;
				CLANG_WARN_ENUM_CONVERSION = YES;
				CLANG_WARN_INFINITE_RECURSION = YES;
				CLANG_WARN_INT_CONVERSION = YES;
				CLANG_WARN_NON_LITERAL_NULL_CONVERSION = YES;
				CLANG_WARN_OBJC_LITERAL_CONVERSION = YES;
				CLANG_WARN_OBJC_ROOT_CLASS = YES_ERROR;
				CLANG_WARN_RANGE_LOOP_ANALYSIS = YES;
				CLANG_WARN_STRICT_PROTOTYPES = YES;
				CLANG_WARN_SUSPICIOUS_MOVE = YES;
				CLANG_WARN_UNGUARDED_AVAILABILITY = YES_AGGRESSIVE;
				CLANG_WARN_UNREACHABLE_CODE = YES;
				CLANG_WARN__DUPLICATE_METHOD_MATCH = YES;
				CODE_SIGN_IDENTITY = "iPhone Developer";
				COPY_PHASE_STRIP = NO;
				DEBUG_INFORMATION_FORMAT = dwarf;
				ENABLE_STRICT_OBJC_MSGSEND = YES;
				ENABLE_TESTABILITY = YES;
				GCC_C_LANGUAGE_STANDARD = gnu11;
				GCC_DYNAMIC_NO_PIC = NO;
				GCC_NO_COMMON_BLOCKS = YES;
				GCC_OPTIMIZATION_LEVEL = 0;
				GCC_PREPROCESSOR_DEFINITIONS = (
					"DEBUG=1",
					"$(inherited)",
				);
				GCC_WARN_64_TO_32_BIT_CONVERSION = YES;
				GCC_WARN_ABOUT_RETURN_TYPE = YES_ERROR;
				GCC_WARN_UNDECLARED_SELECTOR = YES;
				GCC_WARN_UNINITIALIZED_AUTOS = YES_AGGRESSIVE;
				GCC_WARN_UNUSED_FUNCTION = YES;
				GCC_WARN_UNUSED_VARIABLE = YES;
				IPHONEOS_DEPLOYMENT_TARGET = 11.0;
				MTL_ENABLE_DEBUG_INFO = YES;
				ONLY_ACTIVE_ARCH = YES;
				SDKROOT = iphoneos;
				SWIFT_ACTIVE_COMPILATION_CONDITIONS = DEBUG;
				SWIFT_OPTIMIZATION_LEVEL = "-Onone";
			};
			name = Debug;
		};
		D80E020A201B06AD008A1622 /* Release */ = {
			isa = XCBuildConfiguration;
			buildSettings = {
				ALWAYS_SEARCH_USER_PATHS = NO;
				CLANG_ANALYZER_NONNULL = YES;
				CLANG_ANALYZER_NUMBER_OBJECT_CONVERSION = YES_AGGRESSIVE;
				CLANG_CXX_LANGUAGE_STANDARD = "gnu++14";
				CLANG_CXX_LIBRARY = "libc++";
				CLANG_ENABLE_MODULES = YES;
				CLANG_ENABLE_OBJC_ARC = YES;
				CLANG_WARN_BLOCK_CAPTURE_AUTORELEASING = YES;
				CLANG_WARN_BOOL_CONVERSION = YES;
				CLANG_WARN_COMMA = YES;
				CLANG_WARN_CONSTANT_CONVERSION = YES;
				CLANG_WARN_DIRECT_OBJC_ISA_USAGE = YES_ERROR;
				CLANG_WARN_DOCUMENTATION_COMMENTS = YES;
				CLANG_WARN_EMPTY_BODY = YES;
				CLANG_WARN_ENUM_CONVERSION = YES;
				CLANG_WARN_INFINITE_RECURSION = YES;
				CLANG_WARN_INT_CONVERSION = YES;
				CLANG_WARN_NON_LITERAL_NULL_CONVERSION = YES;
				CLANG_WARN_OBJC_LITERAL_CONVERSION = YES;
				CLANG_WARN_OBJC_ROOT_CLASS = YES_ERROR;
				CLANG_WARN_RANGE_LOOP_ANALYSIS = YES;
				CLANG_WARN_STRICT_PROTOTYPES = YES;
				CLANG_WARN_SUSPICIOUS_MOVE = YES;
				CLANG_WARN_UNGUARDED_AVAILABILITY = YES_AGGRESSIVE;
				CLANG_WARN_UNREACHABLE_CODE = YES;
				CLANG_WARN__DUPLICATE_METHOD_MATCH = YES;
				CODE_SIGN_IDENTITY = "iPhone Developer";
				COPY_PHASE_STRIP = NO;
				DEBUG_INFORMATION_FORMAT = "dwarf-with-dsym";
				ENABLE_NS_ASSERTIONS = NO;
				ENABLE_STRICT_OBJC_MSGSEND = YES;
				GCC_C_LANGUAGE_STANDARD = gnu11;
				GCC_NO_COMMON_BLOCKS = YES;
				GCC_WARN_64_TO_32_BIT_CONVERSION = YES;
				GCC_WARN_ABOUT_RETURN_TYPE = YES_ERROR;
				GCC_WARN_UNDECLARED_SELECTOR = YES;
				GCC_WARN_UNINITIALIZED_AUTOS = YES_AGGRESSIVE;
				GCC_WARN_UNUSED_FUNCTION = YES;
				GCC_WARN_UNUSED_VARIABLE = YES;
				IPHONEOS_DEPLOYMENT_TARGET = 11.0;
				MTL_ENABLE_DEBUG_INFO = NO;
				SDKROOT = iphoneos;
				SWIFT_OPTIMIZATION_LEVEL = "-Owholemodule";
				VALIDATE_PRODUCT = YES;
			};
			name = Release;
		};
		D80E020C201B06AD008A1622 /* Debug */ = {
			isa = XCBuildConfiguration;
			buildSettings = {
				ASSETCATALOG_COMPILER_APPICON_NAME = AppIcon;
				CODE_SIGN_STYLE = Automatic;
				DEVELOPMENT_TEAM = 9ZK998Z4WX;
				INFOPLIST_FILE = ListView/Info.plist;
				LD_RUNPATH_SEARCH_PATHS = "$(inherited) @executable_path/Frameworks";
				PRODUCT_BUNDLE_IDENTIFIER = farhan.ListView;
				PRODUCT_NAME = "$(TARGET_NAME)";
				SWIFT_VERSION = 4.0;
				TARGETED_DEVICE_FAMILY = "1,2";
			};
			name = Debug;
		};
		D80E020D201B06AD008A1622 /* Release */ = {
			isa = XCBuildConfiguration;
			buildSettings = {
				ASSETCATALOG_COMPILER_APPICON_NAME = AppIcon;
				CODE_SIGN_STYLE = Automatic;
				DEVELOPMENT_TEAM = 9ZK998Z4WX;
				INFOPLIST_FILE = ListView/Info.plist;
				LD_RUNPATH_SEARCH_PATHS = "$(inherited) @executable_path/Frameworks";
				PRODUCT_BUNDLE_IDENTIFIER = farhan.ListView;
				PRODUCT_NAME = "$(TARGET_NAME)";
				SWIFT_VERSION = 4.0;
				TARGETED_DEVICE_FAMILY = "1,2";
			};
			name = Release;
		};
/* End XCBuildConfiguration section */

/* Begin XCConfigurationList section */
		D80E01F4201B06AD008A1622 /* Build configuration list for PBXProject "ListView" */ = {
			isa = XCConfigurationList;
			buildConfigurations = (
				D80E0209201B06AD008A1622 /* Debug */,
				D80E020A201B06AD008A1622 /* Release */,
			);
			defaultConfigurationIsVisible = 0;
			defaultConfigurationName = Release;
		};
		D80E020B201B06AD008A1622 /* Build configuration list for PBXNativeTarget "ListView" */ = {
			isa = XCConfigurationList;
			buildConfigurations = (
				D80E020C201B06AD008A1622 /* Debug */,
				D80E020D201B06AD008A1622 /* Release */,
			);
			defaultConfigurationIsVisible = 0;
			defaultConfigurationName = Release;
		};
/* End XCConfigurationList section */
	};
	rootObject = D80E01F1201B06AD008A1622 /* Project object */;
}
